Microsoft Visual Studio Solution File, Format Version 12.00
# Visual Studio Version 17
VisualStudioVersion = 17.5.2.0
MinimumVisualStudioVersion = 10.0.40219.1
Project("{FAE04EC0-301F-11D3-BF4B-00C04F79EFBC}") = "ERMS.Tests", "ERMS.Tests.csproj", "{AC8D8AC1-2172-362A-50F0-68CA5EE45607}"
EndProject
Global
	GlobalSection(SolutionConfigurationPlatforms) = preSolution
		Debug|Any CPU = Debug|Any CPU
		Release|Any CPU = Release|Any CPU
	EndGlobalSection
	GlobalSection(ProjectConfigurationPlatforms) = postSolution
		{AC8D8AC1-2172-362A-50F0-68CA5EE45607}.Debug|Any CPU.ActiveCfg = Debug|Any CPU
		{AC8D8AC1-2172-362A-50F0-68CA5EE45607}.Debug|Any CPU.Build.0 = Debug|Any CPU
		{AC8D8AC1-2172-362A-50F0-68CA5EE45607}.Release|Any CPU.ActiveCfg = Release|Any CPU
		{AC8D8AC1-2172-362A-50F0-68CA5EE45607}.Release|Any CPU.Build.0 = Release|Any CPU
	EndGlobalSection
	GlobalSection(SolutionProperties) = preSolution
		HideSolutionNode = FALSE
	EndGlobalSection
	GlobalSection(ExtensibilityGlobals) = postSolution
		SolutionGuid = {9A410550-1B2F-447F-BFB1-E1C4E8DA7C7C}
	EndGlobalSection
EndGlobal
